
Microsoft Visual Studio Solution File, Format Version 12.00
# Visual Studio Version 17
VisualStudioVersion = 17.14.36811.4 d17.14
MinimumVisualStudioVersion = 10.0.40219.1
Project("{FAE04EC0-301F-11D3-BF4B-00C04F79EFBC}") = "ElapasSucre", "ElapasSucre\ElapasSucre.csproj", "{C1A7B54E-2465-4C5C-85B3-613653F6E1E8}"
EndProject
Global
	GlobalSection(SolutionConfigurationPlatforms) = preSolution
		Debug|Any CPU = Debug|Any CPU
		Release|Any CPU = Release|Any CPU
	EndGlobalSection
	GlobalSection(ProjectConfigurationPlatforms) = postSolution
		{C1A7B54E-2465-4C5C-85B3-613653F6E1E8}.Debug|Any CPU.ActiveCfg = Debug|Any CPU
		{C1A7B54E-2465-4C5C-85B3-613653F6E1E8}.Debug|Any CPU.Build.0 = Debug|Any CPU
		{C1A7B54E-2465-4C5C-85B3-613653F6E1E8}.Release|Any CPU.ActiveCfg = Release|Any CPU
		{C1A7B54E-2465-4C5C-85B3-613653F6E1E8}.Release|Any CPU.Build.0 = Release|Any CPU
	EndGlobalSection
	GlobalSection(SolutionProperties) = preSolution
		HideSolutionNode = FALSE
	EndGlobalSection
	GlobalSection(ExtensibilityGlobals) = postSolution
		SolutionGuid = {FF4FEB31-2A7C-4241-BD84-6113FB816D64}
	EndGlobalSection
EndGlobal
